
Microsoft Visual Studio Solution File, Format Version 12.00
# Visual Studio Version 17
VisualStudioVersion = 17.14.36915.13 d17.14
MinimumVisualStudioVersion = 10.0.40219.1
Project("{FAE04EC0-301F-11D3-BF4B-00C04F79EFBC}") = "G-NET-42-OOP-1", "G-NET-42-OOP-1\G-NET-42-OOP-1.csproj", "{4F8D7D9F-4445-4CBD-9F1B-4655C72F031F}"
EndProject
Global
	GlobalSection(SolutionConfigurationPlatforms) = preSolution
		Debug|Any CPU = Debug|Any CPU
		Release|Any CPU = Release|Any CPU
	EndGlobalSection
	GlobalSection(ProjectConfigurationPlatforms) = postSolution
		{4F8D7D9F-4445-4CBD-9F1B-4655C72F031F}.Debug|Any CPU.ActiveCfg = Debug|Any CPU
		{4F8D7D9F-4445-4CBD-9F1B-4655C72F031F}.Debug|Any CPU.Build.0 = Debug|Any CPU
		{4F8D7D9F-4445-4CBD-9F1B-4655C72F031F}.Release|Any CPU.ActiveCfg = Release|Any CPU
		{4F8D7D9F-4445-4CBD-9F1B-4655C72F031F}.Release|Any CPU.Build.0 = Release|Any CPU
	EndGlobalSection
	GlobalSection(SolutionProperties) = preSolution
		HideSolutionNode = FALSE
	EndGlobalSection
	GlobalSection(ExtensibilityGlobals) = postSolution
		SolutionGuid = {D96BC690-7422-4934-AE23-472939BA042C}
	EndGlobalSection
EndGlobal
